
Microsoft Visual Studio Solution File, Format Version 12.00
# Visual Studio Version 17
VisualStudioVersion = 17.11.35312.102
MinimumVisualStudioVersion = 10.0.40219.1
Project("{FAE04EC0-301F-11D3-BF4B-00C04F79EFBC}") = "while vs do-while", "while vs do-while\while vs do-while.csproj", "{ECC8F0B9-7CF0-46BD-B677-863A24D3B5F2}"
EndProject
Global
	GlobalSection(SolutionConfigurationPlatforms) = preSolution
		Debug|Any CPU = Debug|Any CPU
		Release|Any CPU = Release|Any CPU
	EndGlobalSection
	GlobalSection(ProjectConfigurationPlatforms) = postSolution
		{ECC8F0B9-7CF0-46BD-B677-863A24D3B5F2}.Debug|Any CPU.ActiveCfg = Debug|Any CPU
		{ECC8F0B9-7CF0-46BD-B677-863A24D3B5F2}.Debug|Any CPU.Build.0 = Debug|Any CPU
		{ECC8F0B9-7CF0-46BD-B677-863A24D3B5F2}.Release|Any CPU.ActiveCfg = Release|Any CPU
		{ECC8F0B9-7CF0-46BD-B677-863A24D3B5F2}.Release|Any CPU.Build.0 = Release|Any CPU
	EndGlobalSection
	GlobalSection(SolutionProperties) = preSolution
		HideSolutionNode = FALSE
	EndGlobalSection
	GlobalSection(ExtensibilityGlobals) = postSolution
		SolutionGuid = {2A3F9649-2D0C-4095-959C-F1A2987A73DF}
	EndGlobalSection
EndGlobal
